
Microsoft Visual Studio Solution File, Format Version 12.00
# Visual Studio Version 17
VisualStudioVersion = 17.9.34723.18
MinimumVisualStudioVersion = 10.0.40219.1
Project("{9A19103F-16F7-4668-BE54-9A1E7A4F7556}") = "EstructurasDatos", "EstructurasDatos\EstructurasDatos.csproj", "{B5F110A9-FC54-42CA-B53F-759CE4534013}"
EndProject
Project("{9A19103F-16F7-4668-BE54-9A1E7A4F7556}") = "ProyectoTarjetasCredito", "ProyectoTarjetasCredito\ProyectoTarjetasCredito.csproj", "{B3CBC54D-DBF3-4057-A403-3938F1E74454}"
EndProject
Project("{FAE04EC0-301F-11D3-BF4B-00C04F79EFBC}") = "LaboratorioTablas", "LaboratorioTablas\LaboratorioTablas.csproj", "{B14C611A-437D-407E-94E5-F5F669EDC815}"
EndProject
Global
	GlobalSection(SolutionConfigurationPlatforms) = preSolution
		Debug|Any CPU = Debug|Any CPU
		Release|Any CPU = Release|Any CPU
	EndGlobalSection
	GlobalSection(ProjectConfigurationPlatforms) = postSolution
		{B5F110A9-FC54-42CA-B53F-759CE4534013}.Debug|Any CPU.ActiveCfg = Debug|Any CPU
		{B5F110A9-FC54-42CA-B53F-759CE4534013}.Debug|Any CPU.Build.0 = Debug|Any CPU
		{B5F110A9-FC54-42CA-B53F-759CE4534013}.Release|Any CPU.ActiveCfg = Release|Any CPU
		{B5F110A9-FC54-42CA-B53F-759CE4534013}.Release|Any CPU.Build.0 = Release|Any CPU
		{B3CBC54D-DBF3-4057-A403-3938F1E74454}.Debug|Any CPU.ActiveCfg = Debug|Any CPU
		{B3CBC54D-DBF3-4057-A403-3938F1E74454}.Debug|Any CPU.Build.0 = Debug|Any CPU
		{B3CBC54D-DBF3-4057-A403-3938F1E74454}.Release|Any CPU.ActiveCfg = Release|Any CPU
		{B3CBC54D-DBF3-4057-A403-3938F1E74454}.Release|Any CPU.Build.0 = Release|Any CPU
		{B14C611A-437D-407E-94E5-F5F669EDC815}.Debug|Any CPU.ActiveCfg = Debug|Any CPU
		{B14C611A-437D-407E-94E5-F5F669EDC815}.Debug|Any CPU.Build.0 = Debug|Any CPU
		{B14C611A-437D-407E-94E5-F5F669EDC815}.Release|Any CPU.ActiveCfg = Release|Any CPU
		{B14C611A-437D-407E-94E5-F5F669EDC815}.Release|Any CPU.Build.0 = Release|Any CPU
	EndGlobalSection
	GlobalSection(SolutionProperties) = preSolution
		HideSolutionNode = FALSE
	EndGlobalSection
	GlobalSection(ExtensibilityGlobals) = postSolution
		SolutionGuid = {50402A03-533D-4EDF-A2E7-E6D941FEDD5D}
	EndGlobalSection
EndGlobal
